// !$*UTF8*$!
{
	archiveVersion = 1;
	classes = {
	};
	objectVersion = 56;
	objects = {

/* Begin PBXBuildFile section */
		A107CB36295DAD9A00755E0C /* AppDelegate.swift in Sources */ = {isa = PBXBuildFile; fileRef = A107CB35295DAD9A00755E0C /* AppDelegate.swift */; };
		A107CB38295DAD9A00755E0C /* SceneDelegate.swift in Sources */ = {isa = PBXBuildFile; fileRef = A107CB37295DAD9A00755E0C /* SceneDelegate.swift */; };
		A107CB3A295DAD9A00755E0C /* ViewController.swift in Sources */ = {isa = PBXBuildFile; fileRef = A107CB39295DAD9A00755E0C /* ViewController.swift */; };
		A107CB3D295DAD9A00755E0C /* Main.storyboard in Resources */ = {isa = PBXBuildFile; fileRef = A107CB3B295DAD9A00755E0C /* Main.storyboard */; };
		A107CB3F295DAD9C00755E0C /* Assets.xcassets in Resources */ = {isa = PBXBuildFile; fileRef = A107CB3E295DAD9C00755E0C /* Assets.xcassets */; };
		A107CB42295DAD9C00755E0C /* LaunchScreen.storyboard in Resources */ = {isa = PBXBuildFile; fileRef = A107CB40295DAD9C00755E0C /* LaunchScreen.storyboard */; };
		A107CB4D295DAD9C00755E0C /* TrabalhandoMapasTests.swift in Sources */ = {isa = PBXBuildFile; fileRef = A107CB4C295DAD9C00755E0C /* TrabalhandoMapasTests.swift */; };
		A107CB57295DAD9C00755E0C /* TrabalhandoMapasUITests.swift in Sources */ = {isa = PBXBuildFile; fileRef = A107CB56295DAD9C00755E0C /* TrabalhandoMapasUITests.swift */; };
		A107CB59295DAD9C00755E0C /* TrabalhandoMapasUITestsLaunchTests.swift in Sources */ = {isa = PBXBuildFile; fileRef = A107CB58295DAD9C00755E0C /* TrabalhandoMapasUITestsLaunchTests.swift */; };
/* End PBXBuildFile section */

/* Begin PBXContainerItemProxy section */
		A107CB49295DAD9C00755E0C /* PBXContainerItemProxy */ = {
			isa = PBXContainerItemProxy;
			containerPortal = A107CB2A295DAD9A00755E0C /* Project object */;
			proxyType = 1;
			remoteGlobalIDString = A107CB31295DAD9A00755E0C;
			remoteInfo = TrabalhandoMapas;
		};
		A107CB53295DAD9C00755E0C /* PBXContainerItemProxy */ = {
			isa = PBXContainerItemProxy;
			containerPortal = A107CB2A295DAD9A00755E0C /* Project object */;
			proxyType = 1;
			remoteGlobalIDString = A107CB31295DAD9A00755E0C;
			remoteInfo = TrabalhandoMapas;
		};
/* End PBXContainerItemProxy section */

/* Begin PBXFileReference section */
		A107CB32295DAD9A00755E0C /* TrabalhandoMapas.app */ = {isa = PBXFileReference; explicitFileType = wrapper.application; includeInIndex = 0; path = TrabalhandoMapas.app; sourceTree = BUILT_PRODUCTS_DIR; };
		A107CB35295DAD9A00755E0C /* AppDelegate.swift */ = {isa = PBXFileReference; lastKnownFileType = sourcecode.swift; path = AppDelegate.swift; sourceTree = "<group>"; };
		A107CB37295DAD9A00755E0C /* SceneDelegate.swift */ = {isa = PBXFileReference; lastKnownFileType = sourcecode.swift; path = SceneDelegate.swift; sourceTree = "<group>"; };
		A107CB39295DAD9A00755E0C /* ViewController.swift */ = {isa = PBXFileReference; lastKnownFileType = sourcecode.swift; path = ViewController.swift; sourceTree = "<group>"; };
		A107CB3C295DAD9A00755E0C /* Base */ = {isa = PBXFileReference; lastKnownFileType = file.storyboard; name = Base; path = Base.lproj/Main.storyboard; sourceTree = "<group>"; };
		A107CB3E295DAD9C00755E0C /* Assets.xcassets */ = {isa = PBXFileReference; lastKnownFileType = folder.assetcatalog; path = Assets.xcassets; sourceTree = "<group>"; };
		A107CB41295DAD9C00755E0C /* Base */ = {isa = PBXFileReference; lastKnownFileType = file.storyboard; name = Base; path = Base.lproj/LaunchScreen.storyboard; sourceTree = "<group>"; };
		A107CB43295DAD9C00755E0C /* Info.plist */ = {isa = PBXFileReference; lastKnownFileType = text.plist.xml; path = Info.plist; sourceTree = "<group>"; };
		A107CB48295DAD9C00755E0C /* TrabalhandoMapasTests.xctest */ = {isa = PBXFileReference; explicitFileType = wrapper.cfbundle; includeInIndex = 0; path = TrabalhandoMapasTests.xctest; sourceTree = BUILT_PRODUCTS_DIR; };
		A107CB4C295DAD9C00755E0C /* TrabalhandoMapasTests.swift */ = {isa = PBXFileReference; lastKnownFileType = sourcecode.swift; path = TrabalhandoMapasTests.swift; sourceTree = "<group>"; };
		A107CB52295DAD9C00755E0C /* TrabalhandoMapasUITests.xctest */ = {isa = PBXFileReference; explicitFileType = wrapper.cfbundle; includeInIndex = 0; path = TrabalhandoMapasUITests.xctest; sourceTree = BUILT_PRODUCTS_DIR; };
		A107CB56295DAD9C00755E0C /* TrabalhandoMapasUITests.swift */ = {isa = PBXFileReference; lastKnownFileType = sourcecode.swift; path = TrabalhandoMapasUITests.swift; sourceTree = "<group>"; };
		A107CB58295DAD9C00755E0C /* TrabalhandoMapasUITestsLaunchTests.swift */ = {isa = PBXFileReference; lastKnownFileType = sourcecode.swift; path = TrabalhandoMapasUITestsLaunchTests.swift; sourceTree = "<group>"; };
/* End PBXFileReference section */

/* Begin PBXFrameworksBuildPhase section */
		A107CB2F295DAD9A00755E0C /* Frameworks */ = {
			isa = PBXFrameworksBuildPhase;
			buildActionMask = 2147483647;
			files = (
			);
			runOnlyForDeploymentPostprocessing = 0;
		};
		A107CB45295DAD9C00755E0C /* Frameworks */ = {
			isa = PBXFrameworksBuildPhase;
			buildActionMask = 2147483647;
			files = (
			);
			runOnlyForDeploymentPostprocessing = 0;
		};
		A107CB4F295DAD9C00755E0C /* Frameworks */ = {
			isa = PBXFrameworksBuildPhase;
			buildActionMask = 2147483647;
			files = (
			);
			runOnlyForDeploymentPostprocessing = 0;
		};
/* End PBXFrameworksBuildPhase section */

/* Begin PBXGroup section */
		A107CB29295DAD9A00755E0C = {
			isa = PBXGroup;
			children = (
				A107CB34295DAD9A00755E0C /* TrabalhandoMapas */,
				A107CB4B295DAD9C00755E0C /* TrabalhandoMapasTests */,
				A107CB55295DAD9C00755E0C /* TrabalhandoMapasUITests */,
				A107CB33295DAD9A00755E0C /* Products */,
			);
			sourceTree = "<group>";
		};
		A107CB33295DAD9A00755E0C /* Products */ = {
			isa = PBXGroup;
			children = (
				A107CB32295DAD9A00755E0C /* TrabalhandoMapas.app */,
				A107CB48295DAD9C00755E0C /* TrabalhandoMapasTests.xctest */,
				A107CB52295DAD9C00755E0C /* TrabalhandoMapasUITests.xctest */,
			);
			name = Products;
			sourceTree = "<group>";
		};
		A107CB34295DAD9A00755E0C /* TrabalhandoMapas */ = {
			isa = PBXGroup;
			children = (
				A107CB35295DAD9A00755E0C /* AppDelegate.swift */,
				A107CB37295DAD9A00755E0C /* SceneDelegate.swift */,
				A107CB39295DAD9A00755E0C /* ViewController.swift */,
				A107CB3B295DAD9A00755E0C /* Main.storyboard */,
				A107CB3E295DAD9C00755E0C /* Assets.xcassets */,
				A107CB40295DAD9C00755E0C /* LaunchScreen.storyboard */,
				A107CB43295DAD9C00755E0C /* Info.plist */,
			);
			path = TrabalhandoMapas;
			sourceTree = "<group>";
		};
		A107CB4B295DAD9C00755E0C /* TrabalhandoMapasTests */ = {
			isa = PBXGroup;
			children = (
				A107CB4C295DAD9C00755E0C /* TrabalhandoMapasTests.swift */,
			);
			path = TrabalhandoMapasTests;
			sourceTree = "<group>";
		};
		A107CB55295DAD9C00755E0C /* TrabalhandoMapasUITests */ = {
			isa = PBXGroup;
			children = (
				A107CB56295DAD9C00755E0C /* TrabalhandoMapasUITests.swift */,
				A107CB58295DAD9C00755E0C /* TrabalhandoMapasUITestsLaunchTests.swift */,
			);
			path = TrabalhandoMapasUITests;
			sourceTree = "<group>";
		};
/* End PBXGroup section */

/* Begin PBXNativeTarget section */
		A107CB31295DAD9A00755E0C /* TrabalhandoMapas */ = {
			isa = PBXNativeTarget;
			buildConfigurationList = A107CB5C295DAD9C00755E0C /* Build configuration list for PBXNativeTarget "TrabalhandoMapas" */;
			buildPhases = (
				A107CB2E295DAD9A00755E0C /* Sources */,
				A107CB2F295DAD9A00755E0C /* Frameworks */,
				A107CB30295DAD9A00755E0C /* Resources */,
			);
			buildRules = (
			);
			dependencies = (
			);
			name = TrabalhandoMapas;
			productName = TrabalhandoMapas;
			productReference = A107CB32295DAD9A00755E0C /* TrabalhandoMapas.app */;
			productType = "com.apple.product-type.application";
		};
		A107CB47295DAD9C00755E0C /* TrabalhandoMapasTests */ = {
			isa = PBXNativeTarget;
			buildConfigurationList = A107CB5F295DAD9C00755E0C /* Build configuration list for PBXNativeTarget "TrabalhandoMapasTests" */;
			buildPhases = (
				A107CB44295DAD9C00755E0C /* Sources */,
				A107CB45295DAD9C00755E0C /* Frameworks */,
				A107CB46295DAD9C00755E0C /* Resources */,
			);
			buildRules = (
			);
			dependencies = (
				A107CB4A295DAD9C00755E0C /* PBXTargetDependency */,
			);
			name = TrabalhandoMapasTests;
			productName = TrabalhandoMapasTests;
			productReference = A107CB48295DAD9C00755E0C /* TrabalhandoMapasTests.xctest */;
			productType = "com.apple.product-type.bundle.unit-test";
		};
		A107CB51295DAD9C00755E0C /* TrabalhandoMapasUITests */ = {
			isa = PBXNativeTarget;
			buildConfigurationList = A107CB62295DAD9C00755E0C /* Build configuration list for PBXNativeTarget "TrabalhandoMapasUITests" */;
			buildPhases = (
				A107CB4E295DAD9C00755E0C /* Sources */,
				A107CB4F295DAD9C00755E0C /* Frameworks */,
				A107CB50295DAD9C00755E0C /* Resources */,
			);
			buildRules = (
			);
			dependencies = (
				A107CB54295DAD9C00755E0C /* PBXTargetDependency */,
			);
			name = TrabalhandoMapasUITests;
			productName = TrabalhandoMapasUITests;
			productReference = A107CB52295DAD9C00755E0C /* TrabalhandoMapasUITests.xctest */;
			productType = "com.apple.product-type.bundle.ui-testing";
		};
/* End PBXNativeTarget section */

/* Begin PBXProject section */
		A107CB2A295DAD9A00755E0C /* Project object */ = {
			isa = PBXProject;
			attributes = {
				BuildIndependentTargetsInParallel = 1;
				LastSwiftUpdateCheck = 1420;
				LastUpgradeCheck = 1420;
				TargetAttributes = {
					A107CB31295DAD9A00755E0C = {
						CreatedOnToolsVersion = 14.2;
					};
					A107CB47295DAD9C00755E0C = {
						CreatedOnToolsVersion = 14.2;
						TestTargetID = A107CB31295DAD9A00755E0C;
					};
					A107CB51295DAD9C00755E0C = {
						CreatedOnToolsVersion = 14.2;
						TestTargetID = A107CB31295DAD9A00755E0C;
					};
				};
			};
			buildConfigurationList = A107CB2D295DAD9A00755E0C /* Build configuration list for PBXProject "TrabalhandoMapas" */;
			compatibilityVersion = "Xcode 14.0";
			developmentRegion = en;
			hasScannedForEncodings = 0;
			knownRegions = (
				en,
				Base,
			);
			mainGroup = A107CB29295DAD9A00755E0C;
			productRefGroup = A107CB33295DAD9A00755E0C /* Products */;
			projectDirPath = "";
			projectRoot = "";
			targets = (
				A107CB31295DAD9A00755E0C /* TrabalhandoMapas */,
				A107CB47295DAD9C00755E0C /* TrabalhandoMapasTests */,
				A107CB51295DAD9C00755E0C /* TrabalhandoMapasUITests */,
			);
		};
/* End PBXProject section */

/* Begin PBXResourcesBuildPhase section */
		A107CB30295DAD9A00755E0C /* Resources */ = {
			isa = PBXResourcesBuildPhase;
			buildActionMask = 2147483647;
			files = (
				A107CB42295DAD9C00755E0C /* LaunchScreen.storyboard in Resources */,
				A107CB3F295DAD9C00755E0C /* Assets.xcassets in Resources */,
				A107CB3D295DAD9A00755E0C /* Main.storyboard in Resources */,
			);
			runOnlyForDeploymentPostprocessing = 0;
		};
		A107CB46295DAD9C00755E0C /* Resources */ = {
			isa = PBXResourcesBuildPhase;
			buildActionMask = 2147483647;
			files = (
			);
			runOnlyForDeploymentPostprocessing = 0;
		};
		A107CB50295DAD9C00755E0C /* Resources */ = {
			isa = PBXResourcesBuildPhase;
			buildActionMask = 2147483647;
			files = (
			);
			runOnlyForDeploymentPostprocessing = 0;
		};
/* End PBXResourcesBuildPhase section */

/* Begin PBXSourcesBuildPhase section */
		A107CB2E295DAD9A00755E0C /* Sources */ = {
			isa = PBXSourcesBuildPhase;
			buildActionMask = 2147483647;
			files = (
				A107CB3A295DAD9A00755E0C /* ViewController.swift in Sources */,
				A107CB36295DAD9A00755E0C /* AppDelegate.swift in Sources */,
				A107CB38295DAD9A00755E0C /* SceneDelegate.swift in Sources */,
			);
			runOnlyForDeploymentPostprocessing = 0;
		};
		A107CB44295DAD9C00755E0C /* Sources */ = {
			isa = PBXSourcesBuildPhase;
			buildActionMask = 2147483647;
			files = (
				A107CB4D295DAD9C00755E0C /* TrabalhandoMapasTests.swift in Sources */,
			);
			runOnlyForDeploymentPostprocessing = 0;
		};
		A107CB4E295DAD9C00755E0C /* Sources */ = {
			isa = PBXSourcesBuildPhase;
			buildActionMask = 2147483647;
			files = (
				A107CB59295DAD9C00755E0C /* TrabalhandoMapasUITestsLaunchTests.swift in Sources */,
				A107CB57295DAD9C00755E0C /* TrabalhandoMapasUITests.swift in Sources */,
			);
			runOnlyForDeploymentPostprocessing = 0;
		};
/* End PBXSourcesBuildPhase section */

/* Begin PBXTargetDependency section */
		A107CB4A295DAD9C00755E0C /* PBXTargetDependency */ = {
			isa = PBXTargetDependency;
			target = A107CB31295DAD9A00755E0C /* TrabalhandoMapas */;
			targetProxy = A107CB49295DAD9C00755E0C /* PBXContainerItemProxy */;
		};
		A107CB54295DAD9C00755E0C /* PBXTargetDependency */ = {
			isa = PBXTargetDependency;
			target = A107CB31295DAD9A00755E0C /* TrabalhandoMapas */;
			targetProxy = A107CB53295DAD9C00755E0C /* PBXContainerItemProxy */;
		};
/* End PBXTargetDependency section */

/* Begin PBXVariantGroup section */
		A107CB3B295DAD9A00755E0C /* Main.storyboard */ = {
			isa = PBXVariantGroup;
			children = (
				A107CB3C295DAD9A00755E0C /* Base */,
			);
			name = Main.storyboard;
			sourceTree = "<group>";
		};
		A107CB40295DAD9C00755E0C /* LaunchScreen.storyboard */ = {
			isa = PBXVariantGroup;
			children = (
				A107CB41295DAD9C00755E0C /* Base */,
			);
			name = LaunchScreen.storyboard;
			sourceTree = "<group>";
		};
/* End PBXVariantGroup section */

/* Begin XCBuildConfiguration section */
		A107CB5A295DAD9C00755E0C /* Debug */ = {
			isa = XCBuildConfiguration;
			buildSettings = {
				ALWAYS_SEARCH_USER_PATHS = NO;
				CLANG_ANALYZER_NONNULL = YES;
				CLANG_ANALYZER_NUMBER_OBJECT_CONVERSION = YES_AGGRESSIVE;
				CLANG_CXX_LANGUAGE_STANDARD = "gnu++20";
				CLANG_ENABLE_MODULES = YES;
				CLANG_ENABLE_OBJC_ARC = YES;
				CLANG_ENABLE_OBJC_WEAK = YES;
				CLANG_WARN_BLOCK_CAPTURE_AUTORELEASING = YES;
				CLANG_WARN_BOOL_CONVERSION = YES;
				CLANG_WARN_COMMA = YES;
				CLANG_WARN_CONSTANT_CONVERSION = YES;
				CLANG_WARN_DEPRECATED_OBJC_IMPLEMENTATIONS = YES;
				CLANG_WARN_DIRECT_OBJC_ISA_USAGE = YES_ERROR;
				CLANG_WARN_DOCUMENTATION_COMMENTS = YES;
				CLANG_WARN_EMPTY_BODY = YES;
				CLANG_WARN_ENUM_CONVERSION = YES;
				CLANG_WARN_INFINITE_RECURSION = YES;
				CLANG_WARN_INT_CONVERSION = YES;
				CLANG_WARN_NON_LITERAL_NULL_CONVERSION = YES;
				CLANG_WARN_OBJC_IMPLICIT_RETAIN_SELF = YES;
				CLANG_WARN_OBJC_LITERAL_CONVERSION = YES;
				CLANG_WARN_OBJC_ROOT_CLASS = YES_ERROR;
				CLANG_WARN_QUOTED_INCLUDE_IN_FRAMEWORK_HEADER = YES;
				CLANG_WARN_RANGE_LOOP_ANALYSIS = YES;
				CLANG_WARN_STRICT_PROTOTYPES = YES;
				CLANG_WARN_SUSPICIOUS_MOVE = YES;
				CLANG_WARN_UNGUARDED_AVAILABILITY = YES_AGGRESSIVE;
				CLANG_WARN_UNREACHABLE_CODE = YES;
				CLANG_WARN__DUPLICATE_METHOD_MATCH = YES;
				COPY_PHASE_STRIP = NO;
				DEBUG_INFORMATION_FORMAT = dwarf;
				ENABLE_STRICT_OBJC_MSGSEND = YES;
				ENABLE_TESTABILITY = YES;
				GCC_C_LANGUAGE_STANDARD = gnu11;
				GCC_DYNAMIC_NO_PIC = NO;
				GCC_NO_COMMON_BLOCKS = YES;
				GCC_OPTIMIZATION_LEVEL = 0;
				GCC_PREPROCESSOR_DEFINITIONS = (
					"DEBUG=1",
					"$(inherited)",
				);
				GCC_WARN_64_TO_32_BIT_CONVERSION = YES;
				GCC_WARN_ABOUT_RETURN_TYPE = YES_ERROR;
				GCC_WARN_UNDECLARED_SELECTOR = YES;
				GCC_WARN_UNINITIALIZED_AUTOS = YES_AGGRESSIVE;
				GCC_WARN_UNUSED_FUNCTION = YES;
				GCC_WARN_UNUSED_VARIABLE = YES;
				IPHONEOS_DEPLOYMENT_TARGET = 16.2;
				MTL_ENABLE_DEBUG_INFO = INCLUDE_SOURCE;
				MTL_FAST_MATH = YES;
				ONLY_ACTIVE_ARCH = YES;
				SDKROOT = iphoneos;
				SWIFT_ACTIVE_COMPILATION_CONDITIONS = DEBUG;
				SWIFT_OPTIMIZATION_LEVEL = "-Onone";
			};
			name = Debug;
		};
		A107CB5B295DAD9C00755E0C /* Release */ = {
			isa = XCBuildConfiguration;
			buildSettings = {
				ALWAYS_SEARCH_USER_PATHS = NO;
				CLANG_ANALYZER_NONNULL = YES;
				CLANG_ANALYZER_NUMBER_OBJECT_CONVERSION = YES_AGGRESSIVE;
				CLANG_CXX_LANGUAGE_STANDARD = "gnu++20";
				CLANG_ENABLE_MODULES = YES;
				CLANG_ENABLE_OBJC_ARC = YES;
				CLANG_ENABLE_OBJC_WEAK = YES;
				CLANG_WARN_BLOCK_CAPTURE_AUTORELEASING = YES;
				CLANG_WARN_BOOL_CONVERSION = YES;
				CLANG_WARN_COMMA = YES;
				CLANG_WARN_CONSTANT_CONVERSION = YES;
				CLANG_WARN_DEPRECATED_OBJC_IMPLEMENTATIONS = YES;
				CLANG_WARN_DIRECT_OBJC_ISA_USAGE = YES_ERROR;
				CLANG_WARN_DOCUMENTATION_COMMENTS = YES;
				CLANG_WARN_EMPTY_BODY = YES;
				CLANG_WARN_ENUM_CONVERSION = YES;
				CLANG_WARN_INFINITE_RECURSION = YES;
				CLANG_WARN_INT_CONVERSION = YES;
				CLANG_WARN_NON_LITERAL_NULL_CONVERSION = YES;
				CLANG_WARN_OBJC_IMPLICIT_RETAIN_SELF = YES;
				CLANG_WARN_OBJC_LITERAL_CONVERSION = YES;
				CLANG_WARN_OBJC_ROOT_CLASS = YES_ERROR;
				CLANG_WARN_QUOTED_INCLUDE_IN_FRAMEWORK_HEADER = YES;
				CLANG_WARN_RANGE_LOOP_ANALYSIS = YES;
				CLANG_WARN_STRICT_PROTOTYPES = YES;
				CLANG_WARN_SUSPICIOUS_MOVE = YES;
				CLANG_WARN_UNGUARDED_AVAILABILITY = YES_AGGRESSIVE;
				CLANG_WARN_UNREACHABLE_CODE = YES;
				CLANG_WARN__DUPLICATE_METHOD_MATCH = YES;
				COPY_PHASE_STRIP = NO;
				DEBUG_INFORMATION_FORMAT = "dwarf-with-dsym";
				ENABLE_NS_ASSERTIONS = NO;
				ENABLE_STRICT_OBJC_MSGSEND = YES;
				GCC_C_LANGUAGE_STANDARD = gnu11;
				GCC_NO_COMMON_BLOCKS = YES;
				GCC_WARN_64_TO_32_BIT_CONVERSION = YES;
				GCC_WARN_ABOUT_RETURN_TYPE = YES_ERROR;
				GCC_WARN_UNDECLARED_SELECTOR = YES;
				GCC_WARN_UNINITIALIZED_AUTOS = YES_AGGRESSIVE;
				GCC_WARN_UNUSED_FUNCTION = YES;
				GCC_WARN_UNUSED_VARIABLE = YES;
				IPHONEOS_DEPLOYMENT_TARGET = 16.2;
				MTL_ENABLE_DEBUG_INFO = NO;
				MTL_FAST_MATH = YES;
				SDKROOT = iphoneos;
				SWIFT_COMPILATION_MODE = wholemodule;
				SWIFT_OPTIMIZATION_LEVEL = "-O";
				VALIDATE_PRODUCT = YES;
			};
			name = Release;
		};
		A107CB5D295DAD9C00755E0C /* Debug */ = {
			isa = XCBuildConfiguration;
			buildSettings = {
				ASSETCATALOG_COMPILER_APPICON_NAME = AppIcon;
				ASSETCATALOG_COMPILER_GLOBAL_ACCENT_COLOR_NAME = AccentColor;
				CODE_SIGN_STYLE = Automatic;
				CURRENT_PROJECT_VERSION = 1;
				GENERATE_INFOPLIST_FILE = YES;
				INFOPLIST_FILE = TrabalhandoMapas/Info.plist;
				INFOPLIST_KEY_UIApplicationSupportsIndirectInputEvents = YES;
				INFOPLIST_KEY_UILaunchStoryboardName = LaunchScreen;
				INFOPLIST_KEY_UIMainStoryboardFile = Main;
				INFOPLIST_KEY_UISupportedInterfaceOrientations_iPad = "UIInterfaceOrientationPortrait UIInterfaceOrientationPortraitUpsideDown UIInterfaceOrientationLandscapeLeft UIInterfaceOrientationLandscapeRight";
				INFOPLIST_KEY_UISupportedInterfaceOrientations_iPhone = "UIInterfaceOrientationPortrait UIInterfaceOrientationLandscapeLeft UIInterfaceOrientationLandscapeRight";
				LD_RUNPATH_SEARCH_PATHS = (
					"$(inherited)",
					"@executable_path/Frameworks",
				);
				MARKETING_VERSION = 1.0;
				PRODUCT_BUNDLE_IDENTIFIER = Vinicius.TrabalhandoMapas;
				PRODUCT_NAME = "$(TARGET_NAME)";
				SWIFT_EMIT_LOC_STRINGS = YES;
				SWIFT_VERSION = 5.0;
				TARGETED_DEVICE_FAMILY = "1,2";
			};
			name = Debug;
		};
		A107CB5E295DAD9C00755E0C /* Release */ = {
			isa = XCBuildConfiguration;
			buildSettings = {
				ASSETCATALOG_COMPILER_APPICON_NAME = AppIcon;
				ASSETCATALOG_COMPILER_GLOBAL_ACCENT_COLOR_NAME = AccentColor;
				CODE_SIGN_STYLE = Automatic;
				CURRENT_PROJECT_VERSION = 1;
				GENERATE_INFOPLIST_FILE = YES;
				INFOPLIST_FILE = TrabalhandoMapas/Info.plist;
				INFOPLIST_KEY_UIApplicationSupportsIndirectInputEvents = YES;
				INFOPLIST_KEY_UILaunchStoryboardName = LaunchScreen;
				INFOPLIST_KEY_UIMainStoryboardFile = Main;
				INFOPLIST_KEY_UISupportedInterfaceOrientations_iPad = "UIInterfaceOrientationPortrait UIInterfaceOrientationPortraitUpsideDown UIInterfaceOrientationLandscapeLeft UIInterfaceOrientationLandscapeRight";
				INFOPLIST_KEY_UISupportedInterfaceOrientations_iPhone = "UIInterfaceOrientationPortrait UIInterfaceOrientationLandscapeLeft UIInterfaceOrientationLandscapeRight";
				LD_RUNPATH_SEARCH_PATHS = (
					"$(inherited)",
					"@executable_path/Frameworks",
				);
				MARKETING_VERSION = 1.0;
				PRODUCT_BUNDLE_IDENTIFIER = Vinicius.TrabalhandoMapas;
				PRODUCT_NAME = "$(TARGET_NAME)";
				SWIFT_EMIT_LOC_STRINGS = YES;
				SWIFT_VERSION = 5.0;
				TARGETED_DEVICE_FAMILY = "1,2";
			};
			name = Release;
		};
		A107CB60295DAD9C00755E0C /* Debug */ = {
			isa = XCBuildConfiguration;
			buildSettings = {
				ALWAYS_EMBED_SWIFT_STANDARD_LIBRARIES = YES;
				BUNDLE_LOADER = "$(TEST_HOST)";
				CODE_SIGN_STYLE = Automatic;
				CURRENT_PROJECT_VERSION = 1;
				GENERATE_INFOPLIST_FILE = YES;
				IPHONEOS_DEPLOYMENT_TARGET = 16.2;
				MARKETING_VERSION = 1.0;
				PRODUCT_BUNDLE_IDENTIFIER = Vinicius.TrabalhandoMapasTests;
				PRODUCT_NAME = "$(TARGET_NAME)";
				SWIFT_EMIT_LOC_STRINGS = NO;
				SWIFT_VERSION = 5.0;
				TARGETED_DEVICE_FAMILY = "1,2";
				TEST_HOST = "$(BUILT_PRODUCTS_DIR)/TrabalhandoMapas.app/$(BUNDLE_EXECUTABLE_FOLDER_PATH)/TrabalhandoMapas";
			};
			name = Debug;
		};
		A107CB61295DAD9C00755E0C /* Release */ = {
			isa = XCBuildConfiguration;
			buildSettings = {
				ALWAYS_EMBED_SWIFT_STANDARD_LIBRARIES = YES;
				BUNDLE_LOADER = "$(TEST_HOST)";
				CODE_SIGN_STYLE = Automatic;
				CURRENT_PROJECT_VERSION = 1;
				GENERATE_INFOPLIST_FILE = YES;
				IPHONEOS_DEPLOYMENT_TARGET = 16.2;
				MARKETING_VERSION = 1.0;
				PRODUCT_BUNDLE_IDENTIFIER = Vinicius.TrabalhandoMapasTests;
				PRODUCT_NAME = "$(TARGET_NAME)";
				SWIFT_EMIT_LOC_STRINGS = NO;
				SWIFT_VERSION = 5.0;
				TARGETED_DEVICE_FAMILY = "1,2";
				TEST_HOST = "$(BUILT_PRODUCTS_DIR)/TrabalhandoMapas.app/$(BUNDLE_EXECUTABLE_FOLDER_PATH)/TrabalhandoMapas";
			};
			name = Release;
		};
		A107CB63295DAD9C00755E0C /* Debug */ = {
			isa = XCBuildConfiguration;
			buildSettings = {
				ALWAYS_EMBED_SWIFT_STANDARD_LIBRARIES = YES;
				CODE_SIGN_STYLE = Automatic;
				CURRENT_PROJECT_VERSION = 1;
				GENERATE_INFOPLIST_FILE = YES;
				MARKETING_VERSION = 1.0;
				PRODUCT_BUNDLE_IDENTIFIER = Vinicius.TrabalhandoMapasUITests;
				PRODUCT_NAME = "$(TARGET_NAME)";
				SWIFT_EMIT_LOC_STRINGS = NO;
				SWIFT_VERSION = 5.0;
				TARGETED_DEVICE_FAMILY = "1,2";
				TEST_TARGET_NAME = TrabalhandoMapas;
			};
			name = Debug;
		};
		A107CB64295DAD9C00755E0C /* Release */ = {
			isa = XCBuildConfiguration;
			buildSettings = {
				ALWAYS_EMBED_SWIFT_STANDARD_LIBRARIES = YES;
				CODE_SIGN_STYLE = Automatic;
				CURRENT_PROJECT_VERSION = 1;
				GENERATE_INFOPLIST_FILE = YES;
				MARKETING_VERSION = 1.0;
				PRODUCT_BUNDLE_IDENTIFIER = Vinicius.TrabalhandoMapasUITests;
				PRODUCT_NAME = "$(TARGET_NAME)";
				SWIFT_EMIT_LOC_STRINGS = NO;
				SWIFT_VERSION = 5.0;
				TARGETED_DEVICE_FAMILY = "1,2";
				TEST_TARGET_NAME = TrabalhandoMapas;
			};
			name = Release;
		};
/* End XCBuildConfiguration section */

/* Begin XCConfigurationList section */
		A107CB2D295DAD9A00755E0C /* Build configuration list for PBXProject "TrabalhandoMapas" */ = {
			isa = XCConfigurationList;
			buildConfigurations = (
				A107CB5A295DAD9C00755E0C /* Debug */,
				A107CB5B295DAD9C00755E0C /* Release */,
			);
			defaultConfigurationIsVisible = 0;
			defaultConfigurationName = Release;
		};
		A107CB5C295DAD9C00755E0C /* Build configuration list for PBXNativeTarget "TrabalhandoMapas" */ = {
			isa = XCConfigurationList;
			buildConfigurations = (
				A107CB5D295DAD9C00755E0C /* Debug */,
				A107CB5E295DAD9C00755E0C /* Release */,
			);
			defaultConfigurationIsVisible = 0;
			defaultConfigurationName = Release;
		};
		A107CB5F295DAD9C00755E0C /* Build configuration list for PBXNativeTarget "TrabalhandoMapasTests" */ = {
			isa = XCConfigurationList;
			buildConfigurations = (
				A107CB60295DAD9C00755E0C /* Debug */,
				A107CB61295DAD9C00755E0C /* Release */,
			);
			defaultConfigurationIsVisible = 0;
			defaultConfigurationName = Release;
		};
		A107CB62295DAD9C00755E0C /* Build configuration list for PBXNativeTarget "TrabalhandoMapasUITests" */ = {
			isa = XCConfigurationList;
			buildConfigurations = (
				A107CB63295DAD9C00755E0C /* Debug */,
				A107CB64295DAD9C00755E0C /* Release */,
			);
			defaultConfigurationIsVisible = 0;
			defaultConfigurationName = Release;
		};
/* End XCConfigurationList section */
	};
	rootObject = A107CB2A295DAD9A00755E0C /* Project object */;
}
